
Microsoft Visual Studio Solution File, Format Version 12.00
# Visual Studio 15
VisualStudioVersion = 15.0.26124.0
MinimumVisualStudioVersion = 15.0.26124.0
Project("{FAE04EC0-301F-11D3-BF4B-00C04F79EFBC}") = "dngrep.tool", "dngrep.tool\dngrep.tool.csproj", "{FB4F06A4-CF95-40A6-AE1E-8BEDEA816ECC}"
EndProject
Project("{FAE04EC0-301F-11D3-BF4B-00C04F79EFBC}") = "dngrep.core", "dngrep.core\dngrep.core.csproj", "{8E973E72-B167-48EC-9CC1-1FAE3BD8BC76}"
EndProject
Project("{FAE04EC0-301F-11D3-BF4B-00C04F79EFBC}") = "dngrep.core.xunit", "dngrep.core.xunit\dngrep.core.xunit.csproj", "{A63125EF-1542-4EFB-8EE0-B7AF3FD40326}"
EndProject
Project("{FAE04EC0-301F-11D3-BF4B-00C04F79EFBC}") = "dngrep.tool.xunit", "dngrep.tool.xunit\dngrep.tool.xunit.csproj", "{8539640E-E82C-4FFA-BD22-95B2D7DD993B}"
EndProject
Global
	GlobalSection(SolutionConfigurationPlatforms) = preSolution
		Debug|Any CPU = Debug|Any CPU
		Debug|x64 = Debug|x64
		Debug|x86 = Debug|x86
		Release|Any CPU = Release|Any CPU
		Release|x64 = Release|x64
		Release|x86 = Release|x86
	EndGlobalSection
	GlobalSection(SolutionProperties) = preSolution
		HideSolutionNode = FALSE
	EndGlobalSection
	GlobalSection(ProjectConfigurationPlatforms) = postSolution
		{FB4F06A4-CF95-40A6-AE1E-8BEDEA816ECC}.Debug|Any CPU.ActiveCfg = Debug|Any CPU
		{FB4F06A4-CF95-40A6-AE1E-8BEDEA816ECC}.Debug|Any CPU.Build.0 = Debug|Any CPU
		{FB4F06A4-CF95-40A6-AE1E-8BEDEA816ECC}.Debug|x64.ActiveCfg = Debug|Any CPU
		{FB4F06A4-CF95-40A6-AE1E-8BEDEA816ECC}.Debug|x64.Build.0 = Debug|Any CPU
		{FB4F06A4-CF95-40A6-AE1E-8BEDEA816ECC}.Debug|x86.ActiveCfg = Debug|Any CPU
		{FB4F06A4-CF95-40A6-AE1E-8BEDEA816ECC}.Debug|x86.Build.0 = Debug|Any CPU
		{FB4F06A4-CF95-40A6-AE1E-8BEDEA816ECC}.Release|Any CPU.ActiveCfg = Release|Any CPU
		{FB4F06A4-CF95-40A6-AE1E-8BEDEA816ECC}.Release|Any CPU.Build.0 = Release|Any CPU
		{FB4F06A4-CF95-40A6-AE1E-8BEDEA816ECC}.Release|x64.ActiveCfg = Release|Any CPU
		{FB4F06A4-CF95-40A6-AE1E-8BEDEA816ECC}.Release|x64.Build.0 = Release|Any CPU
		{FB4F06A4-CF95-40A6-AE1E-8BEDEA816ECC}.Release|x86.ActiveCfg = Release|Any CPU
		{FB4F06A4-CF95-40A6-AE1E-8BEDEA816ECC}.Release|x86.Build.0 = Release|Any CPU
		{8E973E72-B167-48EC-9CC1-1FAE3BD8BC76}.Debug|Any CPU.ActiveCfg = Debug|Any CPU
		{8E973E72-B167-48EC-9CC1-1FAE3BD8BC76}.Debug|Any CPU.Build.0 = Debug|Any CPU
		{8E973E72-B167-48EC-9CC1-1FAE3BD8BC76}.Debug|x64.ActiveCfg = Debug|Any CPU
		{8E973E72-B167-48EC-9CC1-1FAE3BD8BC76}.Debug|x64.Build.0 = Debug|Any CPU
		{8E973E72-B167-48EC-9CC1-1FAE3BD8BC76}.Debug|x86.ActiveCfg = Debug|Any CPU
		{8E973E72-B167-48EC-9CC1-1FAE3BD8BC76}.Debug|x86.Build.0 = Debug|Any CPU
		{8E973E72-B167-48EC-9CC1-1FAE3BD8BC76}.Release|Any CPU.ActiveCfg = Release|Any CPU
		{8E973E72-B167-48EC-9CC1-1FAE3BD8BC76}.Release|Any CPU.Build.0 = Release|Any CPU
		{8E973E72-B167-48EC-9CC1-1FAE3BD8BC76}.Release|x64.ActiveCfg = Release|Any CPU
		{8E973E72-B167-48EC-9CC1-1FAE3BD8BC76}.Release|x64.Build.0 = Release|Any CPU
		{8E973E72-B167-48EC-9CC1-1FAE3BD8BC76}.Release|x86.ActiveCfg = Release|Any CPU
		{8E973E72-B167-48EC-9CC1-1FAE3BD8BC76}.Release|x86.Build.0 = Release|Any CPU
		{A63125EF-1542-4EFB-8EE0-B7AF3FD40326}.Debug|Any CPU.ActiveCfg = Debug|Any CPU
		{A63125EF-1542-4EFB-8EE0-B7AF3FD40326}.Debug|Any CPU.Build.0 = Debug|Any CPU
		{A63125EF-1542-4EFB-8EE0-B7AF3FD40326}.Debug|x64.ActiveCfg = Debug|Any CPU
		{A63125EF-1542-4EFB-8EE0-B7AF3FD40326}.Debug|x64.Build.0 = Debug|Any CPU
		{A63125EF-1542-4EFB-8EE0-B7AF3FD40326}.Debug|x86.ActiveCfg = Debug|Any CPU
		{A63125EF-1542-4EFB-8EE0-B7AF3FD40326}.Debug|x86.Build.0 = Debug|Any CPU
		{A63125EF-1542-4EFB-8EE0-B7AF3FD40326}.Release|Any CPU.ActiveCfg = Release|Any CPU
		{A63125EF-1542-4EFB-8EE0-B7AF3FD40326}.Release|Any CPU.Build.0 = Release|Any CPU
		{A63125EF-1542-4EFB-8EE0-B7AF3FD40326}.Release|x64.ActiveCfg = Release|Any CPU
		{A63125EF-1542-4EFB-8EE0-B7AF3FD40326}.Release|x64.Build.0 = Release|Any CPU
		{A63125EF-1542-4EFB-8EE0-B7AF3FD40326}.Release|x86.ActiveCfg = Release|Any CPU
		{A63125EF-1542-4EFB-8EE0-B7AF3FD40326}.Release|x86.Build.0 = Release|Any CPU
		{8539640E-E82C-4FFA-BD22-95B2D7DD993B}.Debug|Any CPU.ActiveCfg = Debug|Any CPU
		{8539640E-E82C-4FFA-BD22-95B2D7DD993B}.Debug|Any CPU.Build.0 = Debug|Any CPU
		{8539640E-E82C-4FFA-BD22-95B2D7DD993B}.Debug|x64.ActiveCfg = Debug|Any CPU
		{8539640E-E82C-4FFA-BD22-95B2D7DD993B}.Debug|x64.Build.0 = Debug|Any CPU
		{8539640E-E82C-4FFA-BD22-95B2D7DD993B}.Debug|x86.ActiveCfg = Debug|Any CPU
		{8539640E-E82C-4FFA-BD22-95B2D7DD993B}.Debug|x86.Build.0 = Debug|Any CPU
		{8539640E-E82C-4FFA-BD22-95B2D7DD993B}.Release|Any CPU.ActiveCfg = Release|Any CPU
		{8539640E-E82C-4FFA-BD22-95B2D7DD993B}.Release|Any CPU.Build.0 = Release|Any CPU
		{8539640E-E82C-4FFA-BD22-95B2D7DD993B}.Release|x64.ActiveCfg = Release|Any CPU
		{8539640E-E82C-4FFA-BD22-95B2D7DD993B}.Release|x64.Build.0 = Release|Any CPU
		{8539640E-E82C-4FFA-BD22-95B2D7DD993B}.Release|x86.ActiveCfg = Release|Any CPU
		{8539640E-E82C-4FFA-BD22-95B2D7DD993B}.Release|x86.Build.0 = Release|Any CPU
	EndGlobalSection
EndGlobal
